PODS:
  - DoubleNavigationController (0.1.0)

DEPENDENCIES:
  - DoubleNavigationController (from `../`)

EXTERNAL SOURCES:
  DoubleNavigationController:
    :path: "../"

SPEC CHECKSUMS:
  DoubleNavigationController: 65ec6c9c3153ae1d121999d54d8a1415b1e13066

PODFILE CHECKSUM: 585d1d706e0d5fb6a696218c7c101d3abd405d18

COCOAPODS: 1.5.3
